
Microsoft Visual Studio Solution File, Format Version 12.00
Project("{2150E333-8FDC-42A3-9474-1A3956D46DE8}") = "src", "src", "{BD3E7C32-606E-43A5-9FBC-00AEE3D3590E}"
EndProject
Project("{2150E333-8FDC-42A3-9474-1A3956D46DE8}") = "tests", "tests", "{4952CBDC-6F00-44BC-A1BB-6EBAC742276B}"
EndProject
Project("{FAE04EC0-301F-11D3-BF4B-00C04F79EFBC}") = "Api", "src\Api\Api.csproj", "{F667BFBA-2228-4187-B40C-0DE03FEF1301}"
EndProject
Project("{FAE04EC0-301F-11D3-BF4B-00C04F79EFBC}") = "Core", "src\Core\Core.csproj", "{E80BC60E-6F2B-4028-82FC-D0926C9604F2}"
EndProject
Project("{FAE04EC0-301F-11D3-BF4B-00C04F79EFBC}") = "Infrastructure", "src\Infrastructure\Infrastructure.csproj", "{F59F1974-2E13-45DD-837E-8F4FF6260389}"
EndProject
Project("{FAE04EC0-301F-11D3-BF4B-00C04F79EFBC}") = "ZipCode.Unit", "tests\ZipCode.Unit\ZipCode.Unit.csproj", "{BF2FFB36-3F96-4F1C-B714-B28204C1AEF7}"
EndProject
Project("{FAE04EC0-301F-11D3-BF4B-00C04F79EFBC}") = "ZipCode.Tests.Integration", "tests\ZipCode.Tests.Integration\ZipCode.Tests.Integration.csproj", "{966B77F3-6AFF-46CB-8CFE-D6ECCA21977B}"
EndProject
Global
	GlobalSection(SolutionConfigurationPlatforms) = preSolution
		Debug|Any CPU = Debug|Any CPU
		Release|Any CPU = Release|Any CPU
	EndGlobalSection
	GlobalSection(NestedProjects) = preSolution
		{F667BFBA-2228-4187-B40C-0DE03FEF1301} = {BD3E7C32-606E-43A5-9FBC-00AEE3D3590E}
		{E80BC60E-6F2B-4028-82FC-D0926C9604F2} = {BD3E7C32-606E-43A5-9FBC-00AEE3D3590E}
		{F59F1974-2E13-45DD-837E-8F4FF6260389} = {BD3E7C32-606E-43A5-9FBC-00AEE3D3590E}
		{BF2FFB36-3F96-4F1C-B714-B28204C1AEF7} = {4952CBDC-6F00-44BC-A1BB-6EBAC742276B}
		{966B77F3-6AFF-46CB-8CFE-D6ECCA21977B} = {4952CBDC-6F00-44BC-A1BB-6EBAC742276B}
	EndGlobalSection
	GlobalSection(ProjectConfigurationPlatforms) = postSolution
		{F667BFBA-2228-4187-B40C-0DE03FEF1301}.Debug|Any CPU.ActiveCfg = Debug|Any CPU
		{F667BFBA-2228-4187-B40C-0DE03FEF1301}.Debug|Any CPU.Build.0 = Debug|Any CPU
		{F667BFBA-2228-4187-B40C-0DE03FEF1301}.Release|Any CPU.ActiveCfg = Release|Any CPU
		{F667BFBA-2228-4187-B40C-0DE03FEF1301}.Release|Any CPU.Build.0 = Release|Any CPU
		{E80BC60E-6F2B-4028-82FC-D0926C9604F2}.Debug|Any CPU.ActiveCfg = Debug|Any CPU
		{E80BC60E-6F2B-4028-82FC-D0926C9604F2}.Debug|Any CPU.Build.0 = Debug|Any CPU
		{E80BC60E-6F2B-4028-82FC-D0926C9604F2}.Release|Any CPU.ActiveCfg = Release|Any CPU
		{E80BC60E-6F2B-4028-82FC-D0926C9604F2}.Release|Any CPU.Build.0 = Release|Any CPU
		{F59F1974-2E13-45DD-837E-8F4FF6260389}.Debug|Any CPU.ActiveCfg = Debug|Any CPU
		{F59F1974-2E13-45DD-837E-8F4FF6260389}.Debug|Any CPU.Build.0 = Debug|Any CPU
		{F59F1974-2E13-45DD-837E-8F4FF6260389}.Release|Any CPU.ActiveCfg = Release|Any CPU
		{F59F1974-2E13-45DD-837E-8F4FF6260389}.Release|Any CPU.Build.0 = Release|Any CPU
		{BF2FFB36-3F96-4F1C-B714-B28204C1AEF7}.Debug|Any CPU.ActiveCfg = Debug|Any CPU
		{BF2FFB36-3F96-4F1C-B714-B28204C1AEF7}.Debug|Any CPU.Build.0 = Debug|Any CPU
		{BF2FFB36-3F96-4F1C-B714-B28204C1AEF7}.Release|Any CPU.ActiveCfg = Release|Any CPU
		{BF2FFB36-3F96-4F1C-B714-B28204C1AEF7}.Release|Any CPU.Build.0 = Release|Any CPU
		{966B77F3-6AFF-46CB-8CFE-D6ECCA21977B}.Debug|Any CPU.ActiveCfg = Debug|Any CPU
		{966B77F3-6AFF-46CB-8CFE-D6ECCA21977B}.Debug|Any CPU.Build.0 = Debug|Any CPU
		{966B77F3-6AFF-46CB-8CFE-D6ECCA21977B}.Release|Any CPU.ActiveCfg = Release|Any CPU
		{966B77F3-6AFF-46CB-8CFE-D6ECCA21977B}.Release|Any CPU.Build.0 = Release|Any CPU
	EndGlobalSection
EndGlobal
